
Microsoft Visual Studio Solution File, Format Version 12.00
# Visual Studio Version 16
VisualStudioVersion = 16.0.31205.134
MinimumVisualStudioVersion = 10.0.40219.1
Project("{FAE04EC0-301F-11D3-BF4B-00C04F79EFBC}") = "UdemyRabbitMQ.Publisher", "UdemyRabbitMQ.Publisher\UdemyRabbitMQ.Publisher.csproj", "{4B6E5818-B998-45DF-B786-BAE2A81C7813}"
EndProject
Project("{FAE04EC0-301F-11D3-BF4B-00C04F79EFBC}") = "UdemyRabbitMQ.Consumer", "UdemyRabbitMQ.Consumer\UdemyRabbitMQ.Consumer.csproj", "{61792FE2-1BAF-424D-9EB9-0EEFF24B4692}"
EndProject
Global
	GlobalSection(SolutionConfigurationPlatforms) = preSolution
		Debug|Any CPU = Debug|Any CPU
		Release|Any CPU = Release|Any CPU
	EndGlobalSection
	GlobalSection(ProjectConfigurationPlatforms) = postSolution
		{4B6E5818-B998-45DF-B786-BAE2A81C7813}.Debug|Any CPU.ActiveCfg = Debug|Any CPU
		{4B6E5818-B998-45DF-B786-BAE2A81C7813}.Debug|Any CPU.Build.0 = Debug|Any CPU
		{4B6E5818-B998-45DF-B786-BAE2A81C7813}.Release|Any CPU.ActiveCfg = Release|Any CPU
		{4B6E5818-B998-45DF-B786-BAE2A81C7813}.Release|Any CPU.Build.0 = Release|Any CPU
		{61792FE2-1BAF-424D-9EB9-0EEFF24B4692}.Debug|Any CPU.ActiveCfg = Debug|Any CPU
		{61792FE2-1BAF-424D-9EB9-0EEFF24B4692}.Debug|Any CPU.Build.0 = Debug|Any CPU
		{61792FE2-1BAF-424D-9EB9-0EEFF24B4692}.Release|Any CPU.ActiveCfg = Release|Any CPU
		{61792FE2-1BAF-424D-9EB9-0EEFF24B4692}.Release|Any CPU.Build.0 = Release|Any CPU
	EndGlobalSection
	GlobalSection(SolutionProperties) = preSolution
		HideSolutionNode = FALSE
	EndGlobalSection
	GlobalSection(ExtensibilityGlobals) = postSolution
		SolutionGuid = {84A3ED89-FE00-4EFD-BA12-52EDCFFBBC49}
	EndGlobalSection
EndGlobal
